{
  "requires": true,
  "lockfileVersion": 1,
  "dependencies": {
    "@ngx-translate/core": {
      "version": "13.0.0",
      "resolved": "https://registry.npmjs.org/@ngx-translate/core/-/core-13.0.0.tgz",
      "integrity": "sha512-+tzEp8wlqEnw0Gc7jtVRAJ6RteUjXw6JJR4O65KlnxOmJrCGPI0xjV/lKRnQeU0w4i96PQs/jtpL921Wrb7PWg==",
      "requires": {
        "tslib": "^2.0.0"
      }
    },
    "tslib": {
      "version": "2.3.0",
      "resolved": "https://registry.npmjs.org/tslib/-/tslib-2.3.0.tgz",
      "integrity": "sha512-N82ooyxVNm6h1riLCoyS9e3fuJ3AMG2zIZs2Gd1ATcSFjSA23Q0fzjjZeh0jbJvWVDZ0cJT8yaNNaaXHzueNjg=="
    }
  }
}
